# Generated by pub
# See https://dart.dev/tools/pub/glossary#lockfile
packages:
  _fe_analyzer_shared:
    dependency: transitive
    description:
      name: _fe_analyzer_shared
<<<<<<< Updated upstream
      sha256: "4897882604d919befd350648c7f91926a9d5de99e67b455bf0917cc2362f4bb8"
=======
      sha256: eb376e9acf6938204f90eb3b1f00b578640d3188b4c8a8ec054f9f479af8d051
>>>>>>> Stashed changes
      url: "https://pub.dev"
    source: hosted
    version: "64.0.0"
  analyzer:
    dependency: transitive
    description:
      name: analyzer
<<<<<<< Updated upstream
      sha256: "690e335554a8385bc9d787117d9eb52c0c03ee207a607e593de3c9d71b1cfe80"
=======
      sha256: "69f54f967773f6c26c7dcb13e93d7ccee8b17a641689da39e878d5cf13b06893"
>>>>>>> Stashed changes
      url: "https://pub.dev"
    source: hosted
    version: "6.2.0"
  args:
    dependency: transitive
    description:
      name: args
<<<<<<< Updated upstream
      sha256: b003c3098049a51720352d219b0bb5f219b60fbfb68e7a4748139a06a5676515
=======
      sha256: eef6c46b622e0494a36c5a12d10d77fb4e855501a91c1b9ef9339326e58f0596
>>>>>>> Stashed changes
      url: "https://pub.dev"
    source: hosted
    version: "2.4.2"
  async:
    dependency: transitive
    description:
      name: async
      sha256: "947bfcf187f74dbc5e146c9eb9c0f10c9f8b30743e341481c1e2ed3ecc18c20c"
      url: "https://pub.dev"
    source: hosted
    version: "2.11.0"
  bloc:
    dependency: transitive
    description:
      name: bloc
<<<<<<< Updated upstream
      sha256: bd4f8027bfa60d96c8046dec5ce74c463b2c918dce1b0d36593575995344534a
=======
      sha256: "3820f15f502372d979121de1f6b97bfcf1630ebff8fe1d52fb2b0bfa49be5b49"
>>>>>>> Stashed changes
      url: "https://pub.dev"
    source: hosted
    version: "8.1.2"
  boolean_selector:
    dependency: transitive
    description:
      name: boolean_selector
      sha256: "6cfb5af12253eaf2b368f07bacc5a80d1301a071c73360d746b7f2e32d762c66"
      url: "https://pub.dev"
    source: hosted
    version: "2.1.1"
  build:
    dependency: transitive
    description:
      name: build
<<<<<<< Updated upstream
      sha256: "29a03af98de60b4eb9136acd56608a54e989f6da238a80af739415b05589d6df"
=======
      sha256: "80184af8b6cb3e5c1c4ec6d8544d27711700bc3e6d2efad04238c7b5290889f0"
>>>>>>> Stashed changes
      url: "https://pub.dev"
    source: hosted
    version: "2.4.1"
  build_config:
    dependency: transitive
    description:
      name: build_config
<<<<<<< Updated upstream
      sha256: "5b7355c14258f5e7df24bad1566f7b991de3e54aeacfb94e1a65e5233d9739c1"
=======
      sha256: bf80fcfb46a29945b423bd9aad884590fb1dc69b330a4d4700cac476af1708d1
>>>>>>> Stashed changes
      url: "https://pub.dev"
    source: hosted
    version: "1.1.1"
  build_daemon:
    dependency: transitive
    description:
      name: build_daemon
<<<<<<< Updated upstream
      sha256: "6bc5544ea6ce4428266e7ea680e945c68806c4aae2da0eb5e9ccf38df8d6acbf"
=======
      sha256: "5f02d73eb2ba16483e693f80bee4f088563a820e47d1027d4cdfe62b5bb43e65"
>>>>>>> Stashed changes
      url: "https://pub.dev"
    source: hosted
    version: "4.0.0"
  build_resolvers:
    dependency: transitive
    description:
      name: build_resolvers
<<<<<<< Updated upstream
      sha256: "9aae031a54ab0beebc30a888c93e900d15ae2fd8883d031dbfbd5ebdb57f5a4c"
=======
      sha256: "64e12b0521812d1684b1917bc80945625391cb9bdd4312536b1d69dcb6133ed8"
>>>>>>> Stashed changes
      url: "https://pub.dev"
    source: hosted
    version: "2.4.1"
  build_runner:
    dependency: "direct dev"
    description:
      name: build_runner
<<<<<<< Updated upstream
      sha256: "56942f8114731d1e79942cd981cfef29501937ff1bccf4dbdce0273f31f13640"
=======
      sha256: "10c6bcdbf9d049a0b666702cf1cee4ddfdc38f02a19d35ae392863b47519848b"
>>>>>>> Stashed changes
      url: "https://pub.dev"
    source: hosted
    version: "2.4.6"
  build_runner_core:
    dependency: transitive
    description:
      name: build_runner_core
<<<<<<< Updated upstream
      sha256: f4d6244cc071ba842c296cb1c4ee1b31596b9f924300647ac7a1445493471a3f
=======
      sha256: c9e32d21dd6626b5c163d48b037ce906bbe428bc23ab77bcd77bb21e593b6185
>>>>>>> Stashed changes
      url: "https://pub.dev"
    source: hosted
    version: "7.2.11"
  built_collection:
    dependency: transitive
    description:
      name: built_collection
      sha256: "376e3dd27b51ea877c28d525560790aee2e6fbb5f20e2f85d5081027d94e2100"
      url: "https://pub.dev"
    source: hosted
    version: "5.1.1"
  built_value:
    dependency: transitive
    description:
      name: built_value
<<<<<<< Updated upstream
      sha256: d7a9cd57c215bdf8d502772447aa6b52a8ab3f956d25d5fdea6ef1df2d2dad60
=======
      sha256: a8de5955205b4d1dbbbc267daddf2178bd737e4bab8987c04a500478c9651e74
>>>>>>> Stashed changes
      url: "https://pub.dev"
    source: hosted
    version: "8.6.3"
  characters:
    dependency: transitive
    description:
      name: characters
      sha256: "04a925763edad70e8443c99234dc3328f442e811f1d8fd1a72f1c8ad0f69a605"
      url: "https://pub.dev"
    source: hosted
    version: "1.3.0"
  checked_yaml:
    dependency: transitive
    description:
      name: checked_yaml
<<<<<<< Updated upstream
      sha256: dd007e4fb8270916820a0d66e24f619266b60773cddd082c6439341645af2659
=======
      sha256: feb6bed21949061731a7a75fc5d2aa727cf160b91af9a3e464c5e3a32e28b5ff
>>>>>>> Stashed changes
      url: "https://pub.dev"
    source: hosted
    version: "2.0.3"
  clock:
    dependency: transitive
    description:
      name: clock
      sha256: cb6d7f03e1de671e34607e909a7213e31d7752be4fb66a86d29fe1eb14bfb5cf
      url: "https://pub.dev"
    source: hosted
    version: "1.1.1"
  code_builder:
    dependency: transitive
    description:
      name: code_builder
<<<<<<< Updated upstream
      sha256: "43743b95913fd28b95184eb1bed7e4bd85b802b8fad0a52522702dbeda4ee3d5"
=======
      sha256: "1be9be30396d7e4c0db42c35ea6ccd7cc6a1e19916b5dc64d6ac216b5544d677"
>>>>>>> Stashed changes
      url: "https://pub.dev"
    source: hosted
    version: "4.7.0"
  collection:
    dependency: transitive
    description:
      name: collection
      sha256: "4a07be6cb69c84d677a6c3096fcf960cc3285a8330b4603e0d463d15d9bd934c"
      url: "https://pub.dev"
    source: hosted
    version: "1.17.1"
  convert:
    dependency: transitive
    description:
      name: convert
<<<<<<< Updated upstream
      sha256: "196284f26f69444b7f5c50692b55ec25da86d9e500451dc09333bf2e3ad69259"
=======
      sha256: "0f08b14755d163f6e2134cb58222dd25ea2a2ee8a195e53983d57c075324d592"
>>>>>>> Stashed changes
      url: "https://pub.dev"
    source: hosted
    version: "3.1.1"
  crypto:
    dependency: transitive
    description:
      name: crypto
<<<<<<< Updated upstream
      sha256: aa274aa7774f8964e4f4f38cc994db7b6158dd36e9187aaceaddc994b35c6c67
=======
      sha256: ff625774173754681d66daaf4a448684fb04b78f902da9cb3d308c19cc5e8bab
>>>>>>> Stashed changes
      url: "https://pub.dev"
    source: hosted
    version: "3.0.3"
  cupertino_icons:
    dependency: "direct main"
    description:
      name: cupertino_icons
<<<<<<< Updated upstream
      sha256: e35129dc44c9118cee2a5603506d823bab99c68393879edb440e0090d07586be
=======
      sha256: d57953e10f9f8327ce64a508a355f0b1ec902193f66288e8cb5070e7c47eeb2d
>>>>>>> Stashed changes
      url: "https://pub.dev"
    source: hosted
    version: "1.0.6"
  dart_style:
    dependency: transitive
    description:
      name: dart_style
<<<<<<< Updated upstream
      sha256: "8aff82f9b26fd868992e5430335a9d773bfef01e1d852d7ba71bf4c5d9349351"
=======
      sha256: abd7625e16f51f554ea244d090292945ec4d4be7bfbaf2ec8cccea568919d334
>>>>>>> Stashed changes
      url: "https://pub.dev"
    source: hosted
    version: "2.3.3"
  equatable:
    dependency: "direct main"
    description:
      name: equatable
      sha256: c2b87cb7756efdf69892005af546c56c0b5037f54d2a88269b4f347a505e3ca2
      url: "https://pub.dev"
    source: hosted
    version: "2.0.5"
  fake_async:
    dependency: transitive
    description:
      name: fake_async
      sha256: "511392330127add0b769b75a987850d136345d9227c6b94c96a04cf4a391bf78"
      url: "https://pub.dev"
    source: hosted
    version: "1.3.1"
  file:
    dependency: transitive
    description:
      name: file
<<<<<<< Updated upstream
      sha256: "1b92bec4fc2a72f59a8e15af5f52cd441e4a7860b49499d69dfa817af20e925d"
=======
      sha256: "5fc22d7c25582e38ad9a8515372cd9a93834027aacf1801cf01164dac0ffa08c"
>>>>>>> Stashed changes
      url: "https://pub.dev"
    source: hosted
    version: "7.0.0"
  fixnum:
    dependency: transitive
    description:
      name: fixnum
<<<<<<< Updated upstream
      sha256: "04be3e934c52e082558cc9ee21f42f5c1cd7a1262f4c63cd0357c08d5bba81ec"
=======
      sha256: "25517a4deb0c03aa0f32fd12db525856438902d9c16536311e76cdc57b31d7d1"
>>>>>>> Stashed changes
      url: "https://pub.dev"
    source: hosted
    version: "1.1.0"
  flutter:
    dependency: "direct main"
    description: flutter
    source: sdk
    version: "0.0.0"
  flutter_bloc:
    dependency: "direct main"
    description:
      name: flutter_bloc
<<<<<<< Updated upstream
      sha256: "890c51c8007f0182360e523518a0c732efb89876cb4669307af7efada5b55557"
=======
      sha256: e74efb89ee6945bcbce74a5b3a5a3376b088e5f21f55c263fc38cbdc6237faae
>>>>>>> Stashed changes
      url: "https://pub.dev"
    source: hosted
    version: "8.1.3"
  flutter_lints:
    dependency: "direct dev"
    description:
      name: flutter_lints
<<<<<<< Updated upstream
      sha256: aeb0b80a8b3709709c9cc496cdc027c5b3216796bc0af0ce1007eaf24464fd4c
=======
      sha256: ad76540d21c066228ee3f9d1dad64a9f7e46530e8bb7c85011a88bc1fd874bc5
>>>>>>> Stashed changes
      url: "https://pub.dev"
    source: hosted
    version: "3.0.0"
  flutter_test:
    dependency: "direct dev"
    description: flutter
    source: sdk
    version: "0.0.0"
  frontend_server_client:
    dependency: transitive
    description:
      name: frontend_server_client
<<<<<<< Updated upstream
      sha256: "4f4a162323c86ffc1245765cfe138872b8f069deb42f7dbb36115fa27f31469b"
=======
      sha256: "408e3ca148b31c20282ad6f37ebfa6f4bdc8fede5b74bc2f08d9d92b55db3612"
>>>>>>> Stashed changes
      url: "https://pub.dev"
    source: hosted
    version: "3.2.0"
  glob:
    dependency: transitive
    description:
      name: glob
<<<<<<< Updated upstream
      sha256: c51b4fdfee4d281f49b8c957f1add91b815473597f76bcf07377987f66a55729
=======
      sha256: "0e7014b3b7d4dac1ca4d6114f82bf1782ee86745b9b42a92c9289c23d8a0ab63"
>>>>>>> Stashed changes
      url: "https://pub.dev"
    source: hosted
    version: "2.1.2"
  graphs:
    dependency: transitive
    description:
      name: graphs
<<<<<<< Updated upstream
      sha256: ae0b3d956ff324c6f8671f08dcb2dbd71c99cdbf2aa3ca63a14190c47aa6679c
=======
      sha256: aedc5a15e78fc65a6e23bcd927f24c64dd995062bcd1ca6eda65a3cff92a4d19
>>>>>>> Stashed changes
      url: "https://pub.dev"
    source: hosted
    version: "2.3.1"
  http:
    dependency: "direct main"
    description:
      name: http
<<<<<<< Updated upstream
      sha256: "6aa2946395183537c8b880962d935877325d6a09a2867c3970c05c0fed6ac482"
=======
      sha256: "759d1a329847dd0f39226c688d3e06a6b8679668e350e2891a6474f8b4bb8525"
>>>>>>> Stashed changes
      url: "https://pub.dev"
    source: hosted
    version: "1.1.0"
  http_multi_server:
    dependency: transitive
    description:
      name: http_multi_server
      sha256: "97486f20f9c2f7be8f514851703d0119c3596d14ea63227af6f7a481ef2b2f8b"
      url: "https://pub.dev"
    source: hosted
    version: "3.2.1"
  http_parser:
    dependency: transitive
    description:
      name: http_parser
<<<<<<< Updated upstream
      sha256: db3060f22889f3d9d55f6a217565486737037eec3609f7f3eca4d0c67ee0d8a0
=======
      sha256: "2aa08ce0341cc9b354a498388e30986515406668dbcc4f7c950c3e715496693b"
>>>>>>> Stashed changes
      url: "https://pub.dev"
    source: hosted
    version: "4.0.2"
  io:
    dependency: transitive
    description:
      name: io
<<<<<<< Updated upstream
      sha256: "0d4c73c3653ab85bf696d51a9657604c900a370549196a91f33e4c39af760852"
=======
      sha256: "2ec25704aba361659e10e3e5f5d672068d332fc8ac516421d483a11e5cbd061e"
>>>>>>> Stashed changes
      url: "https://pub.dev"
    source: hosted
    version: "1.0.4"
  js:
    dependency: transitive
    description:
      name: js
      sha256: f2c445dce49627136094980615a031419f7f3eb393237e4ecd97ac15dea343f3
      url: "https://pub.dev"
    source: hosted
    version: "0.6.7"
  json_annotation:
    dependency: transitive
    description:
      name: json_annotation
<<<<<<< Updated upstream
      sha256: cb314f00b2488de7bc575207e54402cd2f92363f333a7933fd1b0631af226baa
=======
      sha256: b10a7b2ff83d83c777edba3c6a0f97045ddadd56c944e1a23a3fdf43a1bf4467
>>>>>>> Stashed changes
      url: "https://pub.dev"
    source: hosted
    version: "4.8.1"
  lints:
    dependency: transitive
    description:
      name: lints
<<<<<<< Updated upstream
      sha256: "5cfd6509652ff5e7fe149b6df4859e687fca9048437857cb2e65c8d780f396e3"
=======
      sha256: cbf8d4b858bb0134ef3ef87841abdf8d63bfc255c266b7bf6b39daa1085c4290
>>>>>>> Stashed changes
      url: "https://pub.dev"
    source: hosted
    version: "3.0.0"
  logging:
    dependency: transitive
    description:
      name: logging
<<<<<<< Updated upstream
      sha256: "293ae2d49fd79d4c04944c3a26dfd313382d5f52e821ec57119230ae16031ad4"
=======
      sha256: "623a88c9594aa774443aa3eb2d41807a48486b5613e67599fb4c41c0ad47c340"
>>>>>>> Stashed changes
      url: "https://pub.dev"
    source: hosted
    version: "1.2.0"
  matcher:
    dependency: transitive
    description:
      name: matcher
      sha256: "6501fbd55da300384b768785b83e5ce66991266cec21af89ab9ae7f5ce1c4cbb"
      url: "https://pub.dev"
    source: hosted
    version: "0.12.15"
  material_color_utilities:
    dependency: transitive
    description:
      name: material_color_utilities
      sha256: d92141dc6fe1dad30722f9aa826c7fbc896d021d792f80678280601aff8cf724
      url: "https://pub.dev"
    source: hosted
    version: "0.2.0"
  meta:
    dependency: transitive
    description:
      name: meta
      sha256: "3c74dbf8763d36539f114c799d8a2d87343b5067e9d796ca22b5eb8437090ee3"
      url: "https://pub.dev"
    source: hosted
    version: "1.9.1"
  mime:
    dependency: transitive
    description:
      name: mime
<<<<<<< Updated upstream
      sha256: dab22e92b41aa1255ea90ddc4bc2feaf35544fd0728e209638cad041a6e3928a
=======
      sha256: e4ff8e8564c03f255408decd16e7899da1733852a9110a58fe6d1b817684a63e
>>>>>>> Stashed changes
      url: "https://pub.dev"
    source: hosted
    version: "1.0.4"
  nested:
    dependency: transitive
    description:
      name: nested
      sha256: "03bac4c528c64c95c722ec99280375a6f2fc708eec17c7b3f07253b626cd2a20"
      url: "https://pub.dev"
    source: hosted
    version: "1.0.0"
  package_config:
    dependency: transitive
    description:
      name: package_config
      sha256: "1c5b77ccc91e4823a5af61ee74e6b972db1ef98c2ff5a18d3161c982a55448bd"
      url: "https://pub.dev"
    source: hosted
    version: "2.1.0"
  path:
    dependency: transitive
    description:
      name: path
      sha256: "8829d8a55c13fc0e37127c29fedf290c102f4e40ae94ada574091fe0ff96c917"
      url: "https://pub.dev"
    source: hosted
    version: "1.8.3"
  pool:
    dependency: transitive
    description:
      name: pool
      sha256: "20fe868b6314b322ea036ba325e6fc0711a22948856475e2c2b6306e8ab39c2a"
      url: "https://pub.dev"
    source: hosted
    version: "1.5.1"
  provider:
    dependency: transitive
    description:
      name: provider
<<<<<<< Updated upstream
      sha256: "8d7d4c2df46d6a6270a4e10404bfecb18a937e3e00f710c260d0a10415ce6b7b"
=======
      sha256: cdbe7530b12ecd9eb455bdaa2fcb8d4dad22e80b8afb4798b41479d5ce26847f
>>>>>>> Stashed changes
      url: "https://pub.dev"
    source: hosted
    version: "6.0.5"
  pub_semver:
    dependency: transitive
    description:
      name: pub_semver
<<<<<<< Updated upstream
      sha256: "816c1a640e952d213ddd223b3e7aafae08cd9f8e1f6864eed304cc13b0272b07"
=======
      sha256: "40d3ab1bbd474c4c2328c91e3a7df8c6dd629b79ece4c4bd04bee496a224fb0c"
>>>>>>> Stashed changes
      url: "https://pub.dev"
    source: hosted
    version: "2.1.4"
  pubspec_parse:
    dependency: transitive
    description:
      name: pubspec_parse
<<<<<<< Updated upstream
      sha256: "75f6614d6dde2dc68948dffbaa4fe5dae32cd700eb9fb763fe11dfb45a3c4d0a"
=======
      sha256: c63b2876e58e194e4b0828fcb080ad0e06d051cb607a6be51a9e084f47cb9367
>>>>>>> Stashed changes
      url: "https://pub.dev"
    source: hosted
    version: "1.2.3"
  shelf:
    dependency: transitive
    description:
      name: shelf
<<<<<<< Updated upstream
      sha256: "8ec607599dd0a78931a5114cdac7d609b6dbbf479a38acc9a6dba024b2a30ea0"
=======
      sha256: ad29c505aee705f41a4d8963641f91ac4cee3c8fad5947e033390a7bd8180fa4
>>>>>>> Stashed changes
      url: "https://pub.dev"
    source: hosted
    version: "1.4.1"
  shelf_web_socket:
    dependency: transitive
    description:
      name: shelf_web_socket
<<<<<<< Updated upstream
      sha256: "6db16374bc3497d21aa0eebe674d3db9fdf82082aac0f04dc7b44e4af5b08afc"
=======
      sha256: "9ca081be41c60190ebcb4766b2486a7d50261db7bd0f5d9615f2d653637a84c1"
>>>>>>> Stashed changes
      url: "https://pub.dev"
    source: hosted
    version: "1.0.4"
  sky_engine:
    dependency: transitive
    description: flutter
    source: sdk
    version: "0.0.99"
  source_span:
    dependency: transitive
    description:
      name: source_span
      sha256: dd904f795d4b4f3b870833847c461801f6750a9fa8e61ea5ac53f9422b31f250
      url: "https://pub.dev"
    source: hosted
    version: "1.9.1"
  stack_trace:
    dependency: transitive
    description:
      name: stack_trace
      sha256: c3c7d8edb15bee7f0f74debd4b9c5f3c2ea86766fe4178eb2a18eb30a0bdaed5
      url: "https://pub.dev"
    source: hosted
    version: "1.11.0"
  stream_channel:
    dependency: transitive
    description:
      name: stream_channel
      sha256: "83615bee9045c1d322bbbd1ba209b7a749c2cbcdcb3fdd1df8eb488b3279c1c8"
      url: "https://pub.dev"
    source: hosted
    version: "2.1.1"
  stream_transform:
    dependency: transitive
    description:
      name: stream_transform
<<<<<<< Updated upstream
      sha256: ed464977cb26a1f41537e177e190c67223dbd9f4f683489b6ab2e5d211ec564e
=======
      sha256: "14a00e794c7c11aa145a170587321aedce29769c08d7f58b1d141da75e3b1c6f"
>>>>>>> Stashed changes
      url: "https://pub.dev"
    source: hosted
    version: "2.1.0"
  string_scanner:
    dependency: transitive
    description:
      name: string_scanner
      sha256: "556692adab6cfa87322a115640c11f13cb77b3f076ddcc5d6ae3c20242bedcde"
      url: "https://pub.dev"
    source: hosted
    version: "1.2.0"
  term_glyph:
    dependency: transitive
    description:
      name: term_glyph
      sha256: a29248a84fbb7c79282b40b8c72a1209db169a2e0542bce341da992fe1bc7e84
      url: "https://pub.dev"
    source: hosted
    version: "1.2.1"
  test_api:
    dependency: transitive
    description:
      name: test_api
      sha256: eb6ac1540b26de412b3403a163d919ba86f6a973fe6cc50ae3541b80092fdcfb
      url: "https://pub.dev"
    source: hosted
    version: "0.5.1"
  timing:
    dependency: transitive
    description:
      name: timing
<<<<<<< Updated upstream
      sha256: c386d07d7f5efc613479a7c4d9d64b03710b03cfaa7e8ad5f2bfb295a1f0dfad
=======
      sha256: "70a3b636575d4163c477e6de42f247a23b315ae20e86442bebe32d3cabf61c32"
>>>>>>> Stashed changes
      url: "https://pub.dev"
    source: hosted
    version: "1.0.1"
  typed_data:
    dependency: transitive
    description:
      name: typed_data
<<<<<<< Updated upstream
      sha256: "26f87ade979c47a150c9eaab93ccd2bebe70a27dc0b4b29517f2904f04eb11a5"
=======
      sha256: facc8d6582f16042dd49f2463ff1bd6e2c9ef9f3d5da3d9b087e244a7b564b3c
>>>>>>> Stashed changes
      url: "https://pub.dev"
    source: hosted
    version: "1.3.2"
  vector_math:
    dependency: transitive
    description:
      name: vector_math
      sha256: "80b3257d1492ce4d091729e3a67a60407d227c27241d6927be0130c98e741803"
      url: "https://pub.dev"
    source: hosted
    version: "2.1.4"
  watcher:
    dependency: transitive
    description:
      name: watcher
<<<<<<< Updated upstream
      sha256: e42dfcc48f67618344da967b10f62de57e04bae01d9d3af4c2596f3712a88c99
=======
      sha256: "3d2ad6751b3c16cf07c7fca317a1413b3f26530319181b37e3b9039b84fc01d8"
>>>>>>> Stashed changes
      url: "https://pub.dev"
    source: hosted
    version: "1.1.0"
  web_socket_channel:
    dependency: transitive
    description:
      name: web_socket_channel
<<<<<<< Updated upstream
      sha256: "3a969ddcc204a3e34e863d204b29c0752716f78b6f9cc8235083208d268a4ccd"
=======
      sha256: d88238e5eac9a42bb43ca4e721edba3c08c6354d4a53063afaa568516217621b
>>>>>>> Stashed changes
      url: "https://pub.dev"
    source: hosted
    version: "2.4.0"
  yaml:
    dependency: transitive
    description:
      name: yaml
<<<<<<< Updated upstream
      sha256: "23812a9b125b48d4007117254bca50abb6c712352927eece9e155207b1db2370"
=======
      sha256: "75769501ea3489fca56601ff33454fe45507ea3bfb014161abc3b43ae25989d5"
>>>>>>> Stashed changes
      url: "https://pub.dev"
    source: hosted
    version: "3.1.2"
sdks:
<<<<<<< Updated upstream
  dart: ">=3.0.0-0 <4.0.0"
=======
  dart: ">=3.0.0 <4.0.0"
>>>>>>> Stashed changes
  flutter: ">=1.16.0"
